
Microsoft Visual Studio Solution File, Format Version 12.00
# Visual Studio Version 17
VisualStudioVersion = 17.4.33205.214
MinimumVisualStudioVersion = 10.0.40219.1
Project("{FAE04EC0-301F-11D3-BF4B-00C04F79EFBC}") = "NestedObjects", "NestedObjects\NestedObjects.csproj", "{108C1A7A-A199-45C9-9F1E-05A6153613AE}"
EndProject
Global
	GlobalSection(SolutionConfigurationPlatforms) = preSolution
		Debug|Any CPU = Debug|Any CPU
		Release|Any CPU = Release|Any CPU
	EndGlobalSection
	GlobalSection(ProjectConfigurationPlatforms) = postSolution
		{108C1A7A-A199-45C9-9F1E-05A6153613AE}.Debug|Any CPU.ActiveCfg = Debug|Any CPU
		{108C1A7A-A199-45C9-9F1E-05A6153613AE}.Debug|Any CPU.Build.0 = Debug|Any CPU
		{108C1A7A-A199-45C9-9F1E-05A6153613AE}.Release|Any CPU.ActiveCfg = Release|Any CPU
		{108C1A7A-A199-45C9-9F1E-05A6153613AE}.Release|Any CPU.Build.0 = Release|Any CPU
	EndGlobalSection
	GlobalSection(SolutionProperties) = preSolution
		HideSolutionNode = FALSE
	EndGlobalSection
	GlobalSection(ExtensibilityGlobals) = postSolution
		SolutionGuid = {5A672B4D-F493-485B-B970-AF1E52872B14}
	EndGlobalSection
EndGlobal
